{
  "requires": true,
  "lockfileVersion": 1,
  "dependencies": {
    "checkbox-radio": {
      "version": "1.1.1",
      "resolved": "https://registry.npmjs.org/checkbox-radio/-/checkbox-radio-1.1.1.tgz",
      "integrity": "sha1-A0y5teyTKy5FCgSnL1apWzANq9Q="
    },
    "jquery": {
      "version": "3.4.1",
      "resolved": "https://registry.npmjs.org/jquery/-/jquery-3.4.1.tgz",
      "integrity": "sha512-36+AdBzCL+y6qjw5Tx7HgzeGCzC81MDDgaUP8ld2zhx58HdqXGoBd+tHdrBMiyjGQs0Hxs/MLZTu/eHNJJuWPw=="
    }
  }
}
